{
  "requires": true,
  "lockfileVersion": 1,
  "dependencies": {
    "dom7": {
      "version": "3.0.0",
      "resolved": "https://registry.npm.taobao.org/dom7/download/dom7-3.0.0.tgz",
      "integrity": "sha1-uGHOXWemvs16qjrQKUL/FLEkAzE=",
      "requires": {
        "ssr-window": "^3.0.0-alpha.1"
      }
    },
    "jquery": {
      "version": "3.5.1",
      "resolved": "https://registry.npm.taobao.org/jquery/download/jquery-3.5.1.tgz",
      "integrity": "sha1-17TQjhv9uGrS8aPQOeoXMEcXq7U="
    },
    "ssr-window": {
      "version": "3.0.0",
      "resolved": "https://registry.npm.taobao.org/ssr-window/download/ssr-window-3.0.0.tgz",
      "integrity": "sha1-/VuCgBY4lD4MxwTEaRgBQ1r3rDc="
    },
    "swiper": {
      "version": "6.3.5",
      "resolved": "https://registry.npm.taobao.org/swiper/download/swiper-6.3.5.tgz?cache=0&sync_timestamp=1604063070897&other_urls=https%3A%2F%2Fregistry.npm.taobao.org%2Fswiper%2Fdownload%2Fswiper-6.3.5.tgz",
      "integrity": "sha1-dES2gND9r+hIWYJaw1WbWwG9GRY=",
      "requires": {
        "dom7": "^3.0.0-alpha.7",
        "ssr-window": "^3.0.0-alpha.4"
      }
    }
  }
}
